
Microsoft Visual Studio Solution File, Format Version 12.00
# Visual Studio Version 16
VisualStudioVersion = 16.0.29418.71
MinimumVisualStudioVersion = 10.0.40219.1
Project("{FAE04EC0-301F-11D3-BF4B-00C04F79EFBC}") = "Elias", "Elias\Elias.csproj", "{6B3A48FC-6934-4736-A167-F8158F821664}"
EndProject
Project("{FAE04EC0-301F-11D3-BF4B-00C04F79EFBC}") = "EliasApp", "EliasApp\EliasApp.csproj", "{2F1E3727-EBAE-486C-A179-0605DB8E34FE}"
EndProject
Global
	GlobalSection(SolutionConfigurationPlatforms) = preSolution
		Debug|Any CPU = Debug|Any CPU
		Release|Any CPU = Release|Any CPU
	EndGlobalSection
	GlobalSection(ProjectConfigurationPlatforms) = postSolution
		{6B3A48FC-6934-4736-A167-F8158F821664}.Debug|Any CPU.ActiveCfg = Debug|Any CPU
		{6B3A48FC-6934-4736-A167-F8158F821664}.Debug|Any CPU.Build.0 = Debug|Any CPU
		{6B3A48FC-6934-4736-A167-F8158F821664}.Release|Any CPU.ActiveCfg = Release|Any CPU
		{6B3A48FC-6934-4736-A167-F8158F821664}.Release|Any CPU.Build.0 = Release|Any CPU
		{2F1E3727-EBAE-486C-A179-0605DB8E34FE}.Debug|Any CPU.ActiveCfg = Debug|Any CPU
		{2F1E3727-EBAE-486C-A179-0605DB8E34FE}.Debug|Any CPU.Build.0 = Debug|Any CPU
		{2F1E3727-EBAE-486C-A179-0605DB8E34FE}.Release|Any CPU.ActiveCfg = Release|Any CPU
		{2F1E3727-EBAE-486C-A179-0605DB8E34FE}.Release|Any CPU.Build.0 = Release|Any CPU
	EndGlobalSection
	GlobalSection(SolutionProperties) = preSolution
		HideSolutionNode = FALSE
	EndGlobalSection
	GlobalSection(ExtensibilityGlobals) = postSolution
		SolutionGuid = {3D1ED626-3675-461A-BF51-F87AD57BB508}
	EndGlobalSection
EndGlobal
